
Microsoft Visual Studio Solution File, Format Version 12.00
# Visual Studio Version 16
VisualStudioVersion = 16.0.30717.126
MinimumVisualStudioVersion = 10.0.40219.1
Project("{FAE04EC0-301F-11D3-BF4B-00C04F79EFBC}") = "BIT265_HashTableProject", "BIT265_HashTableProject.csproj", "{F2DAF631-8D61-4912-9AA5-8D0FDF1DFEBA}"
EndProject
Global
	GlobalSection(SolutionConfigurationPlatforms) = preSolution
		Debug|Any CPU = Debug|Any CPU
		Release|Any CPU = Release|Any CPU
	EndGlobalSection
	GlobalSection(ProjectConfigurationPlatforms) = postSolution
		{F2DAF631-8D61-4912-9AA5-8D0FDF1DFEBA}.Debug|Any CPU.ActiveCfg = Debug|Any CPU
		{F2DAF631-8D61-4912-9AA5-8D0FDF1DFEBA}.Debug|Any CPU.Build.0 = Debug|Any CPU
		{F2DAF631-8D61-4912-9AA5-8D0FDF1DFEBA}.Release|Any CPU.ActiveCfg = Release|Any CPU
		{F2DAF631-8D61-4912-9AA5-8D0FDF1DFEBA}.Release|Any CPU.Build.0 = Release|Any CPU
	EndGlobalSection
	GlobalSection(SolutionProperties) = preSolution
		HideSolutionNode = FALSE
	EndGlobalSection
	GlobalSection(ExtensibilityGlobals) = postSolution
		SolutionGuid = {032FB8A2-2484-4AA2-B066-F9D5626B329F}
	EndGlobalSection
EndGlobal
